
Microsoft Visual Studio Solution File, Format Version 12.00
# Visual Studio 15
VisualStudioVersion = 15.0.28307.779
MinimumVisualStudioVersion = 10.0.40219.1
Project("{FAE04EC0-301F-11D3-BF4B-00C04F79EFBC}") = "Collection(ArrayList)", "Collection(ArrayList)\Collection(ArrayList).csproj", "{C0DC7004-8A2D-4F76-A6A3-3B1EE1CB37BE}"
EndProject
Global
	GlobalSection(SolutionConfigurationPlatforms) = preSolution
		Debug|Any CPU = Debug|Any CPU
		Release|Any CPU = Release|Any CPU
	EndGlobalSection
	GlobalSection(ProjectConfigurationPlatforms) = postSolution
		{C0DC7004-8A2D-4F76-A6A3-3B1EE1CB37BE}.Debug|Any CPU.ActiveCfg = Debug|Any CPU
		{C0DC7004-8A2D-4F76-A6A3-3B1EE1CB37BE}.Debug|Any CPU.Build.0 = Debug|Any CPU
		{C0DC7004-8A2D-4F76-A6A3-3B1EE1CB37BE}.Release|Any CPU.ActiveCfg = Release|Any CPU
		{C0DC7004-8A2D-4F76-A6A3-3B1EE1CB37BE}.Release|Any CPU.Build.0 = Release|Any CPU
	EndGlobalSection
	GlobalSection(SolutionProperties) = preSolution
		HideSolutionNode = FALSE
	EndGlobalSection
	GlobalSection(ExtensibilityGlobals) = postSolution
		SolutionGuid = {135F72DE-5B0F-4BA8-BD03-F5184D5ACCA1}
	EndGlobalSection
EndGlobal
